// !$*UTF8*$!
{
	archiveVersion = 1;
	classes = {
	};
	objectVersion = 46;
	objects = {

/* Begin PBXBuildFile section */
		6F8D92C61D992DF800DA46D3 /* AppDelegate.swift in Sources */ = {isa = PBXBuildFile; fileRef = 6F8D92C51D992DF800DA46D3 /* AppDelegate.swift */; };
		6F8D92C81D992DF800DA46D3 /* ViewController.swift in Sources */ = {isa = PBXBuildFile; fileRef = 6F8D92C71D992DF800DA46D3 /* ViewController.swift */; };
		6F8D92CB1D992DF800DA46D3 /* Main.storyboard in Resources */ = {isa = PBXBuildFile; fileRef = 6F8D92C91D992DF800DA46D3 /* Main.storyboard */; };
		6F8D92CD1D992DF900DA46D3 /* Assets.xcassets in Resources */ = {isa = PBXBuildFile; fileRef = 6F8D92CC1D992DF900DA46D3 /* Assets.xcassets */; };
		6F8D92D01D992DF900DA46D3 /* LaunchScreen.storyboard in Resources */ = {isa = PBXBuildFile; fileRef = 6F8D92CE1D992DF900DA46D3 /* LaunchScreen.storyboard */; };
		6F8D92DB1D992DF900DA46D3 /* TestPageCtrlTests.swift in Sources */ = {isa = PBXBuildFile; fileRef = 6F8D92DA1D992DF900DA46D3 /* TestPageCtrlTests.swift */; };
		6F8D92E61D992DF900DA46D3 /* TestPageCtrlUITests.swift in Sources */ = {isa = PBXBuildFile; fileRef = 6F8D92E51D992DF900DA46D3 /* TestPageCtrlUITests.swift */; };
		6F8D92F51D992E6900DA46D3 /* InspirationViewController.swift in Sources */ = {isa = PBXBuildFile; fileRef = 6F8D92F31D992E6900DA46D3 /* InspirationViewController.swift */; };
		6F8D92F61D992E6900DA46D3 /* InspirationCollectionViewCell.swift in Sources */ = {isa = PBXBuildFile; fileRef = 6F8D92F41D992E6900DA46D3 /* InspirationCollectionViewCell.swift */; };
		6F8D92FB1D9932F100DA46D3 /* images1.jpeg in Resources */ = {isa = PBXBuildFile; fileRef = 6F8D92F71D9932F100DA46D3 /* images1.jpeg */; };
		6F8D92FC1D9932F100DA46D3 /* images2.jpeg in Resources */ = {isa = PBXBuildFile; fileRef = 6F8D92F81D9932F100DA46D3 /* images2.jpeg */; };
		6F8D92FD1D9932F100DA46D3 /* images3.jpg in Resources */ = {isa = PBXBuildFile; fileRef = 6F8D92F91D9932F100DA46D3 /* images3.jpg */; };
		6F8D92FE1D9932F100DA46D3 /* images4.jpeg in Resources */ = {isa = PBXBuildFile; fileRef = 6F8D92FA1D9932F100DA46D3 /* images4.jpeg */; };
/* End PBXBuildFile section */

/* Begin PBXContainerItemProxy section */
		6F8D92D71D992DF900DA46D3 /* PBXContainerItemProxy */ = {
			isa = PBXContainerItemProxy;
			containerPortal = 6F8D92BA1D992DF800DA46D3 /* Project object */;
			proxyType = 1;
			remoteGlobalIDString = 6F8D92C11D992DF800DA46D3;
			remoteInfo = TestPageCtrl;
		};
		6F8D92E21D992DF900DA46D3 /* PBXContainerItemProxy */ = {
			isa = PBXContainerItemProxy;
			containerPortal = 6F8D92BA1D992DF800DA46D3 /* Project object */;
			proxyType = 1;
			remoteGlobalIDString = 6F8D92C11D992DF800DA46D3;
			remoteInfo = TestPageCtrl;
		};
/* End PBXContainerItemProxy section */

/* Begin PBXFileReference section */
		6F8D92C21D992DF800DA46D3 /* TestPageCtrl.app */ = {isa = PBXFileReference; explicitFileType = wrapper.application; includeInIndex = 0; path = TestPageCtrl.app; sourceTree = BUILT_PRODUCTS_DIR; };
		6F8D92C51D992DF800DA46D3 /* AppDelegate.swift */ = {isa = PBXFileReference; lastKnownFileType = sourcecode.swift; path = AppDelegate.swift; sourceTree = "<group>"; };
		6F8D92C71D992DF800DA46D3 /* ViewController.swift */ = {isa = PBXFileReference; lastKnownFileType = sourcecode.swift; path = ViewController.swift; sourceTree = "<group>"; };
		6F8D92CA1D992DF800DA46D3 /* Base */ = {isa = PBXFileReference; lastKnownFileType = file.storyboard; name = Base; path = Base.lproj/Main.storyboard; sourceTree = "<group>"; };
		6F8D92CC1D992DF900DA46D3 /* Assets.xcassets */ = {isa = PBXFileReference; lastKnownFileType = folder.assetcatalog; path = Assets.xcassets; sourceTree = "<group>"; };
		6F8D92CF1D992DF900DA46D3 /* Base */ = {isa = PBXFileReference; lastKnownFileType = file.storyboard; name = Base; path = Base.lproj/LaunchScreen.storyboard; sourceTree = "<group>"; };
		6F8D92D11D992DF900DA46D3 /* Info.plist */ = {isa = PBXFileReference; lastKnownFileType = text.plist.xml; path = Info.plist; sourceTree = "<group>"; };
		6F8D92D61D992DF900DA46D3 /* TestPageCtrlTests.xctest */ = {isa = PBXFileReference; explicitFileType = wrapper.cfbundle; includeInIndex = 0; path = TestPageCtrlTests.xctest; sourceTree = BUILT_PRODUCTS_DIR; };
		6F8D92DA1D992DF900DA46D3 /* TestPageCtrlTests.swift */ = {isa = PBXFileReference; lastKnownFileType = sourcecode.swift; path = TestPageCtrlTests.swift; sourceTree = "<group>"; };
		6F8D92DC1D992DF900DA46D3 /* Info.plist */ = {isa = PBXFileReference; lastKnownFileType = text.plist.xml; path = Info.plist; sourceTree = "<group>"; };
		6F8D92E11D992DF900DA46D3 /* TestPageCtrlUITests.xctest */ = {isa = PBXFileReference; explicitFileType = wrapper.cfbundle; includeInIndex = 0; path = TestPageCtrlUITests.xctest; sourceTree = BUILT_PRODUCTS_DIR; };
		6F8D92E51D992DF900DA46D3 /* TestPageCtrlUITests.swift */ = {isa = PBXFileReference; lastKnownFileType = sourcecode.swift; path = TestPageCtrlUITests.swift; sourceTree = "<group>"; };
		6F8D92E71D992DF900DA46D3 /* Info.plist */ = {isa = PBXFileReference; lastKnownFileType = text.plist.xml; path = Info.plist; sourceTree = "<group>"; };
		6F8D92F31D992E6900DA46D3 /* InspirationViewController.swift */ = {isa = PBXFileReference; fileEncoding = 4; lastKnownFileType = sourcecode.swift; path = InspirationViewController.swift; sourceTree = "<group>"; };
		6F8D92F41D992E6900DA46D3 /* InspirationCollectionViewCell.swift */ = {isa = PBXFileReference; fileEncoding = 4; lastKnownFileType = sourcecode.swift; path = InspirationCollectionViewCell.swift; sourceTree = "<group>"; };
		6F8D92F71D9932F100DA46D3 /* images1.jpeg */ = {isa = PBXFileReference; lastKnownFileType = image.jpeg; path = images1.jpeg; sourceTree = "<group>"; };
		6F8D92F81D9932F100DA46D3 /* images2.jpeg */ = {isa = PBXFileReference; lastKnownFileType = image.jpeg; path = images2.jpeg; sourceTree = "<group>"; };
		6F8D92F91D9932F100DA46D3 /* images3.jpg */ = {isa = PBXFileReference; lastKnownFileType = image.jpeg; path = images3.jpg; sourceTree = "<group>"; };
		6F8D92FA1D9932F100DA46D3 /* images4.jpeg */ = {isa = PBXFileReference; lastKnownFileType = image.jpeg; path = images4.jpeg; sourceTree = "<group>"; };
/* End PBXFileReference section */

/* Begin PBXFrameworksBuildPhase section */
		6F8D92BF1D992DF800DA46D3 /* Frameworks */ = {
			isa = PBXFrameworksBuildPhase;
			buildActionMask = 2147483647;
			files = (
			);
			runOnlyForDeploymentPostprocessing = 0;
		};
		6F8D92D31D992DF900DA46D3 /* Frameworks */ = {
			isa = PBXFrameworksBuildPhase;
			buildActionMask = 2147483647;
			files = (
			);
			runOnlyForDeploymentPostprocessing = 0;
		};
		6F8D92DE1D992DF900DA46D3 /* Frameworks */ = {
			isa = PBXFrameworksBuildPhase;
			buildActionMask = 2147483647;
			files = (
			);
			runOnlyForDeploymentPostprocessing = 0;
		};
/* End PBXFrameworksBuildPhase section */

/* Begin PBXGroup section */
		6F8D92B91D992DF800DA46D3 = {
			isa = PBXGroup;
			children = (
				6F8D92C41D992DF800DA46D3 /* TestPageCtrl */,
				6F8D92D91D992DF900DA46D3 /* TestPageCtrlTests */,
				6F8D92E41D992DF900DA46D3 /* TestPageCtrlUITests */,
				6F8D92C31D992DF800DA46D3 /* Products */,
			);
			sourceTree = "<group>";
		};
		6F8D92C31D992DF800DA46D3 /* Products */ = {
			isa = PBXGroup;
			children = (
				6F8D92C21D992DF800DA46D3 /* TestPageCtrl.app */,
				6F8D92D61D992DF900DA46D3 /* TestPageCtrlTests.xctest */,
				6F8D92E11D992DF900DA46D3 /* TestPageCtrlUITests.xctest */,
			);
			name = Products;
			sourceTree = "<group>";
		};
		6F8D92C41D992DF800DA46D3 /* TestPageCtrl */ = {
			isa = PBXGroup;
			children = (
				6F8D92C51D992DF800DA46D3 /* AppDelegate.swift */,
				6F8D92C71D992DF800DA46D3 /* ViewController.swift */,
				6F8D92C91D992DF800DA46D3 /* Main.storyboard */,
				6F8D92F71D9932F100DA46D3 /* images1.jpeg */,
				6F8D92F81D9932F100DA46D3 /* images2.jpeg */,
				6F8D92F91D9932F100DA46D3 /* images3.jpg */,
				6F8D92FA1D9932F100DA46D3 /* images4.jpeg */,
				6F8D92CC1D992DF900DA46D3 /* Assets.xcassets */,
				6F8D92F31D992E6900DA46D3 /* InspirationViewController.swift */,
				6F8D92F41D992E6900DA46D3 /* InspirationCollectionViewCell.swift */,
				6F8D92CE1D992DF900DA46D3 /* LaunchScreen.storyboard */,
				6F8D92D11D992DF900DA46D3 /* Info.plist */,
			);
			path = TestPageCtrl;
			sourceTree = "<group>";
		};
		6F8D92D91D992DF900DA46D3 /* TestPageCtrlTests */ = {
			isa = PBXGroup;
			children = (
				6F8D92DA1D992DF900DA46D3 /* TestPageCtrlTests.swift */,
				6F8D92DC1D992DF900DA46D3 /* Info.plist */,
			);
			path = TestPageCtrlTests;
			sourceTree = "<group>";
		};
		6F8D92E41D992DF900DA46D3 /* TestPageCtrlUITests */ = {
			isa = PBXGroup;
			children = (
				6F8D92E51D992DF900DA46D3 /* TestPageCtrlUITests.swift */,
				6F8D92E71D992DF900DA46D3 /* Info.plist */,
			);
			path = TestPageCtrlUITests;
			sourceTree = "<group>";
		};
/* End PBXGroup section */

/* Begin PBXNativeTarget section */
		6F8D92C11D992DF800DA46D3 /* TestPageCtrl */ = {
			isa = PBXNativeTarget;
			buildConfigurationList = 6F8D92EA1D992DF900DA46D3 /* Build configuration list for PBXNativeTarget "TestPageCtrl" */;
			buildPhases = (
				6F8D92BE1D992DF800DA46D3 /* Sources */,
				6F8D92BF1D992DF800DA46D3 /* Frameworks */,
				6F8D92C01D992DF800DA46D3 /* Resources */,
			);
			buildRules = (
			);
			dependencies = (
			);
			name = TestPageCtrl;
			productName = TestPageCtrl;
			productReference = 6F8D92C21D992DF800DA46D3 /* TestPageCtrl.app */;
			productType = "com.apple.product-type.application";
		};
		6F8D92D51D992DF900DA46D3 /* TestPageCtrlTests */ = {
			isa = PBXNativeTarget;
			buildConfigurationList = 6F8D92ED1D992DF900DA46D3 /* Build configuration list for PBXNativeTarget "TestPageCtrlTests" */;
			buildPhases = (
				6F8D92D21D992DF900DA46D3 /* Sources */,
				6F8D92D31D992DF900DA46D3 /* Frameworks */,
				6F8D92D41D992DF900DA46D3 /* Resources */,
			);
			buildRules = (
			);
			dependencies = (
				6F8D92D81D992DF900DA46D3 /* PBXTargetDependency */,
			);
			name = TestPageCtrlTests;
			productName = TestPageCtrlTests;
			productReference = 6F8D92D61D992DF900DA46D3 /* TestPageCtrlTests.xctest */;
			productType = "com.apple.product-type.bundle.unit-test";
		};
		6F8D92E01D992DF900DA46D3 /* TestPageCtrlUITests */ = {
			isa = PBXNativeTarget;
			buildConfigurationList = 6F8D92F01D992DF900DA46D3 /* Build configuration list for PBXNativeTarget "TestPageCtrlUITests" */;
			buildPhases = (
				6F8D92DD1D992DF900DA46D3 /* Sources */,
				6F8D92DE1D992DF900DA46D3 /* Frameworks */,
				6F8D92DF1D992DF900DA46D3 /* Resources */,
			);
			buildRules = (
			);
			dependencies = (
				6F8D92E31D992DF900DA46D3 /* PBXTargetDependency */,
			);
			name = TestPageCtrlUITests;
			productName = TestPageCtrlUITests;
			productReference = 6F8D92E11D992DF900DA46D3 /* TestPageCtrlUITests.xctest */;
			productType = "com.apple.product-type.bundle.ui-testing";
		};
/* End PBXNativeTarget section */

/* Begin PBXProject section */
		6F8D92BA1D992DF800DA46D3 /* Project object */ = {
			isa = PBXProject;
			attributes = {
				LastSwiftUpdateCheck = 0800;
				LastUpgradeCheck = 0800;
				ORGANIZATIONNAME = Ninestars;
				TargetAttributes = {
					6F8D92C11D992DF800DA46D3 = {
						CreatedOnToolsVersion = 8.0;
						ProvisioningStyle = Automatic;
					};
					6F8D92D51D992DF900DA46D3 = {
						CreatedOnToolsVersion = 8.0;
						ProvisioningStyle = Automatic;
						TestTargetID = 6F8D92C11D992DF800DA46D3;
					};
					6F8D92E01D992DF900DA46D3 = {
						CreatedOnToolsVersion = 8.0;
						ProvisioningStyle = Automatic;
						TestTargetID = 6F8D92C11D992DF800DA46D3;
					};
				};
			};
			buildConfigurationList = 6F8D92BD1D992DF800DA46D3 /* Build configuration list for PBXProject "TestPageCtrl" */;
			compatibilityVersion = "Xcode 3.2";
			developmentRegion = English;
			hasScannedForEncodings = 0;
			knownRegions = (
				en,
				Base,
			);
			mainGroup = 6F8D92B91D992DF800DA46D3;
			productRefGroup = 6F8D92C31D992DF800DA46D3 /* Products */;
			projectDirPath = "";
			projectRoot = "";
			targets = (
				6F8D92C11D992DF800DA46D3 /* TestPageCtrl */,
				6F8D92D51D992DF900DA46D3 /* TestPageCtrlTests */,
				6F8D92E01D992DF900DA46D3 /* TestPageCtrlUITests */,
			);
		};
/* End PBXProject section */

/* Begin PBXResourcesBuildPhase section */
		6F8D92C01D992DF800DA46D3 /* Resources */ = {
			isa = PBXResourcesBuildPhase;
			buildActionMask = 2147483647;
			files = (
				6F8D92FE1D9932F100DA46D3 /* images4.jpeg in Resources */,
				6F8D92D01D992DF900DA46D3 /* LaunchScreen.storyboard in Resources */,
				6F8D92FC1D9932F100DA46D3 /* images2.jpeg in Resources */,
				6F8D92CD1D992DF900DA46D3 /* Assets.xcassets in Resources */,
				6F8D92CB1D992DF800DA46D3 /* Main.storyboard in Resources */,
				6F8D92FB1D9932F100DA46D3 /* images1.jpeg in Resources */,
				6F8D92FD1D9932F100DA46D3 /* images3.jpg in Resources */,
			);
			runOnlyForDeploymentPostprocessing = 0;
		};
		6F8D92D41D992DF900DA46D3 /* Resources */ = {
			isa = PBXResourcesBuildPhase;
			buildActionMask = 2147483647;
			files = (
			);
			runOnlyForDeploymentPostprocessing = 0;
		};
		6F8D92DF1D992DF900DA46D3 /* Resources */ = {
			isa = PBXResourcesBuildPhase;
			buildActionMask = 2147483647;
			files = (
			);
			runOnlyForDeploymentPostprocessing = 0;
		};
/* End PBXResourcesBuildPhase section */

/* Begin PBXSourcesBuildPhase section */
		6F8D92BE1D992DF800DA46D3 /* Sources */ = {
			isa = PBXSourcesBuildPhase;
			buildActionMask = 2147483647;
			files = (
				6F8D92C81D992DF800DA46D3 /* ViewController.swift in Sources */,
				6F8D92F61D992E6900DA46D3 /* InspirationCollectionViewCell.swift in Sources */,
				6F8D92C61D992DF800DA46D3 /* AppDelegate.swift in Sources */,
				6F8D92F51D992E6900DA46D3 /* InspirationViewController.swift in Sources */,
			);
			runOnlyForDeploymentPostprocessing = 0;
		};
		6F8D92D21D992DF900DA46D3 /* Sources */ = {
			isa = PBXSourcesBuildPhase;
			buildActionMask = 2147483647;
			files = (
				6F8D92DB1D992DF900DA46D3 /* TestPageCtrlTests.swift in Sources */,
			);
			runOnlyForDeploymentPostprocessing = 0;
		};
		6F8D92DD1D992DF900DA46D3 /* Sources */ = {
			isa = PBXSourcesBuildPhase;
			buildActionMask = 2147483647;
			files = (
				6F8D92E61D992DF900DA46D3 /* TestPageCtrlUITests.swift in Sources */,
			);
			runOnlyForDeploymentPostprocessing = 0;
		};
/* End PBXSourcesBuildPhase section */

/* Begin PBXTargetDependency section */
		6F8D92D81D992DF900DA46D3 /* PBXTargetDependency */ = {
			isa = PBXTargetDependency;
			target = 6F8D92C11D992DF800DA46D3 /* TestPageCtrl */;
			targetProxy = 6F8D92D71D992DF900DA46D3 /* PBXContainerItemProxy */;
		};
		6F8D92E31D992DF900DA46D3 /* PBXTargetDependency */ = {
			isa = PBXTargetDependency;
			target = 6F8D92C11D992DF800DA46D3 /* TestPageCtrl */;
			targetProxy = 6F8D92E21D992DF900DA46D3 /* PBXContainerItemProxy */;
		};
/* End PBXTargetDependency section */

/* Begin PBXVariantGroup section */
		6F8D92C91D992DF800DA46D3 /* Main.storyboard */ = {
			isa = PBXVariantGroup;
			children = (
				6F8D92CA1D992DF800DA46D3 /* Base */,
			);
			name = Main.storyboard;
			sourceTree = "<group>";
		};
		6F8D92CE1D992DF900DA46D3 /* LaunchScreen.storyboard */ = {
			isa = PBXVariantGroup;
			children = (
				6F8D92CF1D992DF900DA46D3 /* Base */,
			);
			name = LaunchScreen.storyboard;
			sourceTree = "<group>";
		};
/* End PBXVariantGroup section */

/* Begin XCBuildConfiguration section */
		6F8D92E81D992DF900DA46D3 /* Debug */ = {
			isa = XCBuildConfiguration;
			buildSettings = {
				ALWAYS_SEARCH_USER_PATHS = NO;
				CLANG_ANALYZER_NONNULL = YES;
				CLANG_CXX_LANGUAGE_STANDARD = "gnu++0x";
				CLANG_CXX_LIBRARY = "libc++";
				CLANG_ENABLE_MODULES = YES;
				CLANG_ENABLE_OBJC_ARC = YES;
				CLANG_WARN_BOOL_CONVERSION = YES;
				CLANG_WARN_CONSTANT_CONVERSION = YES;
				CLANG_WARN_DIRECT_OBJC_ISA_USAGE = YES_ERROR;
				CLANG_WARN_DOCUMENTATION_COMMENTS = YES;
				CLANG_WARN_EMPTY_BODY = YES;
				CLANG_WARN_ENUM_CONVERSION = YES;
				CLANG_WARN_INFINITE_RECURSION = YES;
				CLANG_WARN_INT_CONVERSION = YES;
				CLANG_WARN_OBJC_ROOT_CLASS = YES_ERROR;
				CLANG_WARN_SUSPICIOUS_MOVES = YES;
				CLANG_WARN_UNREACHABLE_CODE = YES;
				CLANG_WARN__DUPLICATE_METHOD_MATCH = YES;
				"CODE_SIGN_IDENTITY[sdk=iphoneos*]" = "iPhone Developer";
				COPY_PHASE_STRIP = NO;
				DEBUG_INFORMATION_FORMAT = dwarf;
				ENABLE_STRICT_OBJC_MSGSEND = YES;
				ENABLE_TESTABILITY = YES;
				GCC_C_LANGUAGE_STANDARD = gnu99;
				GCC_DYNAMIC_NO_PIC = NO;
				GCC_NO_COMMON_BLOCKS = YES;
				GCC_OPTIMIZATION_LEVEL = 0;
				GCC_PREPROCESSOR_DEFINITIONS = (
					"DEBUG=1",
					"$(inherited)",
				);
				GCC_WARN_64_TO_32_BIT_CONVERSION = YES;
				GCC_WARN_ABOUT_RETURN_TYPE = YES_ERROR;
				GCC_WARN_UNDECLARED_SELECTOR = YES;
				GCC_WARN_UNINITIALIZED_AUTOS = YES_AGGRESSIVE;
				GCC_WARN_UNUSED_FUNCTION = YES;
				GCC_WARN_UNUSED_VARIABLE = YES;
				IPHONEOS_DEPLOYMENT_TARGET = 10.0;
				MTL_ENABLE_DEBUG_INFO = YES;
				ONLY_ACTIVE_ARCH = YES;
				SDKROOT = iphoneos;
				SWIFT_ACTIVE_COMPILATION_CONDITIONS = DEBUG;
				SWIFT_OPTIMIZATION_LEVEL = "-Onone";
				TARGETED_DEVICE_FAMILY = "1,2";
			};
			name = Debug;
		};
		6F8D92E91D992DF900DA46D3 /* Release */ = {
			isa = XCBuildConfiguration;
			buildSettings = {
				ALWAYS_SEARCH_USER_PATHS = NO;
				CLANG_ANALYZER_NONNULL = YES;
				CLANG_CXX_LANGUAGE_STANDARD = "gnu++0x";
				CLANG_CXX_LIBRARY = "libc++";
				CLANG_ENABLE_MODULES = YES;
				CLANG_ENABLE_OBJC_ARC = YES;
				CLANG_WARN_BOOL_CONVERSION = YES;
				CLANG_WARN_CONSTANT_CONVERSION = YES;
				CLANG_WARN_DIRECT_OBJC_ISA_USAGE = YES_ERROR;
				CLANG_WARN_DOCUMENTATION_COMMENTS = YES;
				CLANG_WARN_EMPTY_BODY = YES;
				CLANG_WARN_ENUM_CONVERSION = YES;
				CLANG_WARN_INFINITE_RECURSION = YES;
				CLANG_WARN_INT_CONVERSION = YES;
				CLANG_WARN_OBJC_ROOT_CLASS = YES_ERROR;
				CLANG_WARN_SUSPICIOUS_MOVES = YES;
				CLANG_WARN_UNREACHABLE_CODE = YES;
				CLANG_WARN__DUPLICATE_METHOD_MATCH = YES;
				"CODE_SIGN_IDENTITY[sdk=iphoneos*]" = "iPhone Developer";
				COPY_PHASE_STRIP = NO;
				DEBUG_INFORMATION_FORMAT = "dwarf-with-dsym";
				ENABLE_NS_ASSERTIONS = NO;
				ENABLE_STRICT_OBJC_MSGSEND = YES;
				GCC_C_LANGUAGE_STANDARD = gnu99;
				GCC_NO_COMMON_BLOCKS = YES;
				GCC_WARN_64_TO_32_BIT_CONVERSION = YES;
				GCC_WARN_ABOUT_RETURN_TYPE = YES_ERROR;
				GCC_WARN_UNDECLARED_SELECTOR = YES;
				GCC_WARN_UNINITIALIZED_AUTOS = YES_AGGRESSIVE;
				GCC_WARN_UNUSED_FUNCTION = YES;
				GCC_WARN_UNUSED_VARIABLE = YES;
				IPHONEOS_DEPLOYMENT_TARGET = 10.0;
				MTL_ENABLE_DEBUG_INFO = NO;
				SDKROOT = iphoneos;
				SWIFT_OPTIMIZATION_LEVEL = "-Owholemodule";
				TARGETED_DEVICE_FAMILY = "1,2";
				VALIDATE_PRODUCT = YES;
			};
			name = Release;
		};
		6F8D92EB1D992DF900DA46D3 /* Debug */ = {
			isa = XCBuildConfiguration;
			buildSettings = {
				ASSETCATALOG_COMPILER_APPICON_NAME = AppIcon;
				INFOPLIST_FILE = TestPageCtrl/Info.plist;
				LD_RUNPATH_SEARCH_PATHS = "$(inherited) @executable_path/Frameworks";
				PRODUCT_BUNDLE_IDENTIFIER = NS.TestPageCtrl;
				PRODUCT_NAME = "$(TARGET_NAME)";
				SWIFT_VERSION = 3.0;
			};
			name = Debug;
		};
		6F8D92EC1D992DF900DA46D3 /* Release */ = {
			isa = XCBuildConfiguration;
			buildSettings = {
				ASSETCATALOG_COMPILER_APPICON_NAME = AppIcon;
				INFOPLIST_FILE = TestPageCtrl/Info.plist;
				LD_RUNPATH_SEARCH_PATHS = "$(inherited) @executable_path/Frameworks";
				PRODUCT_BUNDLE_IDENTIFIER = NS.TestPageCtrl;
				PRODUCT_NAME = "$(TARGET_NAME)";
				SWIFT_VERSION = 3.0;
			};
			name = Release;
		};
		6F8D92EE1D992DF900DA46D3 /* Debug */ = {
			isa = XCBuildConfiguration;
			buildSettings = {
				ALWAYS_EMBED_SWIFT_STANDARD_LIBRARIES = YES;
				BUNDLE_LOADER = "$(TEST_HOST)";
				INFOPLIST_FILE = TestPageCtrlTests/Info.plist;
				LD_RUNPATH_SEARCH_PATHS = "$(inherited) @executable_path/Frameworks @loader_path/Frameworks";
				PRODUCT_BUNDLE_IDENTIFIER = NS.TestPageCtrlTests;
				PRODUCT_NAME = "$(TARGET_NAME)";
				SWIFT_VERSION = 3.0;
				TEST_HOST = "$(BUILT_PRODUCTS_DIR)/TestPageCtrl.app/TestPageCtrl";
			};
			name = Debug;
		};
		6F8D92EF1D992DF900DA46D3 /* Release */ = {
			isa = XCBuildConfiguration;
			buildSettings = {
				ALWAYS_EMBED_SWIFT_STANDARD_LIBRARIES = YES;
				BUNDLE_LOADER = "$(TEST_HOST)";
				INFOPLIST_FILE = TestPageCtrlTests/Info.plist;
				LD_RUNPATH_SEARCH_PATHS = "$(inherited) @executable_path/Frameworks @loader_path/Frameworks";
				PRODUCT_BUNDLE_IDENTIFIER = NS.TestPageCtrlTests;
				PRODUCT_NAME = "$(TARGET_NAME)";
				SWIFT_VERSION = 3.0;
				TEST_HOST = "$(BUILT_PRODUCTS_DIR)/TestPageCtrl.app/TestPageCtrl";
			};
			name = Release;
		};
		6F8D92F11D992DF900DA46D3 /* Debug */ = {
			isa = XCBuildConfiguration;
			buildSettings = {
				ALWAYS_EMBED_SWIFT_STANDARD_LIBRARIES = YES;
				INFOPLIST_FILE = TestPageCtrlUITests/Info.plist;
				LD_RUNPATH_SEARCH_PATHS = "$(inherited) @executable_path/Frameworks @loader_path/Frameworks";
				PRODUCT_BUNDLE_IDENTIFIER = NS.TestPageCtrlUITests;
				PRODUCT_NAME = "$(TARGET_NAME)";
				SWIFT_VERSION = 3.0;
				TEST_TARGET_NAME = TestPageCtrl;
			};
			name = Debug;
		};
		6F8D92F21D992DF900DA46D3 /* Release */ = {
			isa = XCBuildConfiguration;
			buildSettings = {
				ALWAYS_EMBED_SWIFT_STANDARD_LIBRARIES = YES;
				INFOPLIST_FILE = TestPageCtrlUITests/Info.plist;
				LD_RUNPATH_SEARCH_PATHS = "$(inherited) @executable_path/Frameworks @loader_path/Frameworks";
				PRODUCT_BUNDLE_IDENTIFIER = NS.TestPageCtrlUITests;
				PRODUCT_NAME = "$(TARGET_NAME)";
				SWIFT_VERSION = 3.0;
				TEST_TARGET_NAME = TestPageCtrl;
			};
			name = Release;
		};
/* End XCBuildConfiguration section */

/* Begin XCConfigurationList section */
		6F8D92BD1D992DF800DA46D3 /* Build configuration list for PBXProject "TestPageCtrl" */ = {
			isa = XCConfigurationList;
			buildConfigurations = (
				6F8D92E81D992DF900DA46D3 /* Debug */,
				6F8D92E91D992DF900DA46D3 /* Release */,
			);
			defaultConfigurationIsVisible = 0;
			defaultConfigurationName = Release;
		};
		6F8D92EA1D992DF900DA46D3 /* Build configuration list for PBXNativeTarget "TestPageCtrl" */ = {
			isa = XCConfigurationList;
			buildConfigurations = (
				6F8D92EB1D992DF900DA46D3 /* Debug */,
				6F8D92EC1D992DF900DA46D3 /* Release */,
			);
			defaultConfigurationIsVisible = 0;
		};
		6F8D92ED1D992DF900DA46D3 /* Build configuration list for PBXNativeTarget "TestPageCtrlTests" */ = {
			isa = XCConfigurationList;
			buildConfigurations = (
				6F8D92EE1D992DF900DA46D3 /* Debug */,
				6F8D92EF1D992DF900DA46D3 /* Release */,
			);
			defaultConfigurationIsVisible = 0;
		};
		6F8D92F01D992DF900DA46D3 /* Build configuration list for PBXNativeTarget "TestPageCtrlUITests" */ = {
			isa = XCConfigurationList;
			buildConfigurations = (
				6F8D92F11D992DF900DA46D3 /* Debug */,
				6F8D92F21D992DF900DA46D3 /* Release */,
			);
			defaultConfigurationIsVisible = 0;
		};
/* End XCConfigurationList section */
	};
	rootObject = 6F8D92BA1D992DF800DA46D3 /* Project object */;
}
